
Microsoft Visual Studio Solution File, Format Version 12.00
# Visual Studio Version 17
VisualStudioVersion = 17.2.32630.192
MinimumVisualStudioVersion = 10.0.40219.1
Project("{FAE04EC0-301F-11D3-BF4B-00C04F79EFBC}") = "MergeSort", "MergeSort\MergeSort.csproj", "{D76790C6-3448-4260-876F-17AF203BE84C}"
EndProject
Global
	GlobalSection(SolutionConfigurationPlatforms) = preSolution
		Debug|Any CPU = Debug|Any CPU
		Release|Any CPU = Release|Any CPU
	EndGlobalSection
	GlobalSection(ProjectConfigurationPlatforms) = postSolution
		{D76790C6-3448-4260-876F-17AF203BE84C}.Debug|Any CPU.ActiveCfg = Debug|Any CPU
		{D76790C6-3448-4260-876F-17AF203BE84C}.Debug|Any CPU.Build.0 = Debug|Any CPU
		{D76790C6-3448-4260-876F-17AF203BE84C}.Release|Any CPU.ActiveCfg = Release|Any CPU
		{D76790C6-3448-4260-876F-17AF203BE84C}.Release|Any CPU.Build.0 = Release|Any CPU
	EndGlobalSection
	GlobalSection(SolutionProperties) = preSolution
		HideSolutionNode = FALSE
	EndGlobalSection
	GlobalSection(ExtensibilityGlobals) = postSolution
		SolutionGuid = {EA0ADA12-5F16-44DE-A494-A3F0835ED6C1}
	EndGlobalSection
EndGlobal
